// !$*UTF8*$!
{
	archiveVersion = 1;
	classes = {
	};
	objectVersion = 56;
	objects = {

/* Begin PBXBuildFile section */
		FA76C6E32C0E3EB500BEF9FE /* CleanArchitectureApp.swift in Sources */ = {isa = PBXBuildFile; fileRef = FA76C6E22C0E3EB500BEF9FE /* CleanArchitectureApp.swift */; };
		FA76C6E52C0E3EB500BEF9FE /* ContentView.swift in Sources */ = {isa = PBXBuildFile; fileRef = FA76C6E42C0E3EB500BEF9FE /* ContentView.swift */; };
		FA76C6E72C0E3EB600BEF9FE /* Assets.xcassets in Resources */ = {isa = PBXBuildFile; fileRef = FA76C6E62C0E3EB600BEF9FE /* Assets.xcassets */; };
		FA76C6EB2C0E3EB600BEF9FE /* Preview Assets.xcassets in Resources */ = {isa = PBXBuildFile; fileRef = FA76C6EA2C0E3EB600BEF9FE /* Preview Assets.xcassets */; };
		FA76C6F22C0E3F2D00BEF9FE /* README.md in Resources */ = {isa = PBXBuildFile; fileRef = FA76C6F12C0E3F2D00BEF9FE /* README.md */; };
		FA76C6F42C0E3F9C00BEF9FE /* Cryptocurrency.swift in Sources */ = {isa = PBXBuildFile; fileRef = FA76C6F32C0E3F9C00BEF9FE /* Cryptocurrency.swift */; };
		FA76C6F92C0E404000BEF9FE /* GetGlobalCryptoList.swift in Sources */ = {isa = PBXBuildFile; fileRef = FA76C6F82C0E404000BEF9FE /* GetGlobalCryptoList.swift */; };
		FA76C6FC2C0E420900BEF9FE /* GlobalCryptoListRepositoryType.swift in Sources */ = {isa = PBXBuildFile; fileRef = FA76C6FB2C0E420900BEF9FE /* GlobalCryptoListRepositoryType.swift */; };
		FA76C6FE2C0E422F00BEF9FE /* CryptocurrencyDomainError.swift in Sources */ = {isa = PBXBuildFile; fileRef = FA76C6FD2C0E422F00BEF9FE /* CryptocurrencyDomainError.swift */; };
		FA76C7022C0E427600BEF9FE /* CryptocurrencyRepository.swift in Sources */ = {isa = PBXBuildFile; fileRef = FA76C7012C0E427600BEF9FE /* CryptocurrencyRepository.swift */; };
		FA76C7052C0E47A600BEF9FE /* CryptocurrencyBasicDTO.swift in Sources */ = {isa = PBXBuildFile; fileRef = FA76C7042C0E47A600BEF9FE /* CryptocurrencyBasicDTO.swift */; };
		FA76C7072C0E47B500BEF9FE /* CryptocurrencyPriceInfoDTO.swift in Sources */ = {isa = PBXBuildFile; fileRef = FA76C7062C0E47B500BEF9FE /* CryptocurrencyPriceInfoDTO.swift */; };
		FA76C70A2C0E47F500BEF9FE /* HTTPClientError.swift in Sources */ = {isa = PBXBuildFile; fileRef = FA76C7092C0E47F500BEF9FE /* HTTPClientError.swift */; };
		FA76C70C2C0E480900BEF9FE /* ApiDataSourceType.swift in Sources */ = {isa = PBXBuildFile; fileRef = FA76C70B2C0E480900BEF9FE /* ApiDataSourceType.swift */; };
		FA76C70E2C0E50F400BEF9FE /* CryptocurrencyDomainMapper.swift in Sources */ = {isa = PBXBuildFile; fileRef = FA76C70D2C0E50F400BEF9FE /* CryptocurrencyDomainMapper.swift */; };
		FA76C7102C0E511700BEF9FE /* CryptocurrencyBuilder.swift in Sources */ = {isa = PBXBuildFile; fileRef = FA76C70F2C0E511700BEF9FE /* CryptocurrencyBuilder.swift */; };
		FA76C7122C0E513B00BEF9FE /* CryptocurrencyDomainErrorMapper.swift in Sources */ = {isa = PBXBuildFile; fileRef = FA76C7112C0E513B00BEF9FE /* CryptocurrencyDomainErrorMapper.swift */; };
		FA76C7152C0E517C00BEF9FE /* Foundation+Extensions.swift in Sources */ = {isa = PBXBuildFile; fileRef = FA76C7142C0E517C00BEF9FE /* Foundation+Extensions.swift */; };
/* End PBXBuildFile section */

/* Begin PBXFileReference section */
		FA76C6DF2C0E3EB500BEF9FE /* CleanArchitecture.app */ = {isa = PBXFileReference; explicitFileType = wrapper.application; includeInIndex = 0; path = CleanArchitecture.app; sourceTree = BUILT_PRODUCTS_DIR; };
		FA76C6E22C0E3EB500BEF9FE /* CleanArchitectureApp.swift */ = {isa = PBXFileReference; lastKnownFileType = sourcecode.swift; path = CleanArchitectureApp.swift; sourceTree = "<group>"; };
		FA76C6E42C0E3EB500BEF9FE /* ContentView.swift */ = {isa = PBXFileReference; lastKnownFileType = sourcecode.swift; path = ContentView.swift; sourceTree = "<group>"; };
		FA76C6E62C0E3EB600BEF9FE /* Assets.xcassets */ = {isa = PBXFileReference; lastKnownFileType = folder.assetcatalog; path = Assets.xcassets; sourceTree = "<group>"; };
		FA76C6E82C0E3EB600BEF9FE /* CleanArchitecture.entitlements */ = {isa = PBXFileReference; lastKnownFileType = text.plist.entitlements; path = CleanArchitecture.entitlements; sourceTree = "<group>"; };
		FA76C6EA2C0E3EB600BEF9FE /* Preview Assets.xcassets */ = {isa = PBXFileReference; lastKnownFileType = folder.assetcatalog; path = "Preview Assets.xcassets"; sourceTree = "<group>"; };
		FA76C6F12C0E3F2D00BEF9FE /* README.md */ = {isa = PBXFileReference; fileEncoding = 4; lastKnownFileType = net.daringfireball.markdown; name = README.md; path = ../README.md; sourceTree = "<group>"; };
		FA76C6F32C0E3F9C00BEF9FE /* Cryptocurrency.swift */ = {isa = PBXFileReference; lastKnownFileType = sourcecode.swift; path = Cryptocurrency.swift; sourceTree = "<group>"; };
		FA76C6F82C0E404000BEF9FE /* GetGlobalCryptoList.swift */ = {isa = PBXFileReference; lastKnownFileType = sourcecode.swift; path = GetGlobalCryptoList.swift; sourceTree = "<group>"; };
		FA76C6FB2C0E420900BEF9FE /* GlobalCryptoListRepositoryType.swift */ = {isa = PBXFileReference; lastKnownFileType = sourcecode.swift; path = GlobalCryptoListRepositoryType.swift; sourceTree = "<group>"; };
		FA76C6FD2C0E422F00BEF9FE /* CryptocurrencyDomainError.swift */ = {isa = PBXFileReference; lastKnownFileType = sourcecode.swift; path = CryptocurrencyDomainError.swift; sourceTree = "<group>"; };
		FA76C7012C0E427600BEF9FE /* CryptocurrencyRepository.swift */ = {isa = PBXFileReference; lastKnownFileType = sourcecode.swift; path = CryptocurrencyRepository.swift; sourceTree = "<group>"; };
		FA76C7042C0E47A600BEF9FE /* CryptocurrencyBasicDTO.swift */ = {isa = PBXFileReference; lastKnownFileType = sourcecode.swift; path = CryptocurrencyBasicDTO.swift; sourceTree = "<group>"; };
		FA76C7062C0E47B500BEF9FE /* CryptocurrencyPriceInfoDTO.swift */ = {isa = PBXFileReference; lastKnownFileType = sourcecode.swift; path = CryptocurrencyPriceInfoDTO.swift; sourceTree = "<group>"; };
		FA76C7092C0E47F500BEF9FE /* HTTPClientError.swift */ = {isa = PBXFileReference; lastKnownFileType = sourcecode.swift; path = HTTPClientError.swift; sourceTree = "<group>"; };
		FA76C70B2C0E480900BEF9FE /* ApiDataSourceType.swift */ = {isa = PBXFileReference; lastKnownFileType = sourcecode.swift; path = ApiDataSourceType.swift; sourceTree = "<group>"; };
		FA76C70D2C0E50F400BEF9FE /* CryptocurrencyDomainMapper.swift */ = {isa = PBXFileReference; lastKnownFileType = sourcecode.swift; path = CryptocurrencyDomainMapper.swift; sourceTree = "<group>"; };
		FA76C70F2C0E511700BEF9FE /* CryptocurrencyBuilder.swift */ = {isa = PBXFileReference; lastKnownFileType = sourcecode.swift; path = CryptocurrencyBuilder.swift; sourceTree = "<group>"; };
		FA76C7112C0E513B00BEF9FE /* CryptocurrencyDomainErrorMapper.swift */ = {isa = PBXFileReference; lastKnownFileType = sourcecode.swift; path = CryptocurrencyDomainErrorMapper.swift; sourceTree = "<group>"; };
		FA76C7142C0E517C00BEF9FE /* Foundation+Extensions.swift */ = {isa = PBXFileReference; lastKnownFileType = sourcecode.swift; path = "Foundation+Extensions.swift"; sourceTree = "<group>"; };
/* End PBXFileReference section */

/* Begin PBXFrameworksBuildPhase section */
		FA76C6DC2C0E3EB500BEF9FE /* Frameworks */ = {
			isa = PBXFrameworksBuildPhase;
			buildActionMask = 2147483647;
			files = (
			);
			runOnlyForDeploymentPostprocessing = 0;
		};
/* End PBXFrameworksBuildPhase section */

/* Begin PBXGroup section */
		FA76C6D62C0E3EB500BEF9FE = {
			isa = PBXGroup;
			children = (
				FA76C6F12C0E3F2D00BEF9FE /* README.md */,
				FA76C6E12C0E3EB500BEF9FE /* CleanArchitecture */,
				FA76C6E02C0E3EB500BEF9FE /* Products */,
			);
			sourceTree = "<group>";
		};
		FA76C6E02C0E3EB500BEF9FE /* Products */ = {
			isa = PBXGroup;
			children = (
				FA76C6DF2C0E3EB500BEF9FE /* CleanArchitecture.app */,
			);
			name = Products;
			sourceTree = "<group>";
		};
		FA76C6E12C0E3EB500BEF9FE /* CleanArchitecture */ = {
			isa = PBXGroup;
			children = (
				FA76C7132C0E515C00BEF9FE /* Utils */,
				FA76C6FF2C0E424D00BEF9FE /* Data */,
				FA76C6F52C0E3FB100BEF9FE /* Domain */,
				FA76C6E22C0E3EB500BEF9FE /* CleanArchitectureApp.swift */,
				FA76C6E42C0E3EB500BEF9FE /* ContentView.swift */,
				FA76C6E62C0E3EB600BEF9FE /* Assets.xcassets */,
				FA76C6E82C0E3EB600BEF9FE /* CleanArchitecture.entitlements */,
				FA76C6E92C0E3EB600BEF9FE /* Preview Content */,
			);
			path = CleanArchitecture;
			sourceTree = "<group>";
		};
		FA76C6E92C0E3EB600BEF9FE /* Preview Content */ = {
			isa = PBXGroup;
			children = (
				FA76C6EA2C0E3EB600BEF9FE /* Preview Assets.xcassets */,
			);
			path = "Preview Content";
			sourceTree = "<group>";
		};
		FA76C6F52C0E3FB100BEF9FE /* Domain */ = {
			isa = PBXGroup;
			children = (
				FA76C6FA2C0E41F900BEF9FE /* Interfaces */,
				FA76C6F72C0E402900BEF9FE /* UseCases */,
				FA76C6F62C0E3FBC00BEF9FE /* Entities */,
				FA76C6FD2C0E422F00BEF9FE /* CryptocurrencyDomainError.swift */,
			);
			path = Domain;
			sourceTree = "<group>";
		};
		FA76C6F62C0E3FBC00BEF9FE /* Entities */ = {
			isa = PBXGroup;
			children = (
				FA76C6F32C0E3F9C00BEF9FE /* Cryptocurrency.swift */,
			);
			path = Entities;
			sourceTree = "<group>";
		};
		FA76C6F72C0E402900BEF9FE /* UseCases */ = {
			isa = PBXGroup;
			children = (
				FA76C6F82C0E404000BEF9FE /* GetGlobalCryptoList.swift */,
			);
			path = UseCases;
			sourceTree = "<group>";
		};
		FA76C6FA2C0E41F900BEF9FE /* Interfaces */ = {
			isa = PBXGroup;
			children = (
				FA76C6FB2C0E420900BEF9FE /* GlobalCryptoListRepositoryType.swift */,
			);
			path = Interfaces;
			sourceTree = "<group>";
		};
		FA76C6FF2C0E424D00BEF9FE /* Data */ = {
			isa = PBXGroup;
			children = (
				FA76C7082C0E47DB00BEF9FE /* Networking */,
				FA76C7032C0E479A00BEF9FE /* DTOs */,
				FA76C7002C0E425C00BEF9FE /* Repositories */,
				FA76C70D2C0E50F400BEF9FE /* CryptocurrencyDomainMapper.swift */,
				FA76C70F2C0E511700BEF9FE /* CryptocurrencyBuilder.swift */,
				FA76C7112C0E513B00BEF9FE /* CryptocurrencyDomainErrorMapper.swift */,
			);
			path = Data;
			sourceTree = "<group>";
		};
		FA76C7002C0E425C00BEF9FE /* Repositories */ = {
			isa = PBXGroup;
			children = (
				FA76C7012C0E427600BEF9FE /* CryptocurrencyRepository.swift */,
			);
			path = Repositories;
			sourceTree = "<group>";
		};
		FA76C7032C0E479A00BEF9FE /* DTOs */ = {
			isa = PBXGroup;
			children = (
				FA76C7042C0E47A600BEF9FE /* CryptocurrencyBasicDTO.swift */,
				FA76C7062C0E47B500BEF9FE /* CryptocurrencyPriceInfoDTO.swift */,
			);
			path = DTOs;
			sourceTree = "<group>";
		};
		FA76C7082C0E47DB00BEF9FE /* Networking */ = {
			isa = PBXGroup;
			children = (
				FA76C7092C0E47F500BEF9FE /* HTTPClientError.swift */,
				FA76C70B2C0E480900BEF9FE /* ApiDataSourceType.swift */,
			);
			path = Networking;
			sourceTree = "<group>";
		};
		FA76C7132C0E515C00BEF9FE /* Utils */ = {
			isa = PBXGroup;
			children = (
				FA76C7142C0E517C00BEF9FE /* Foundation+Extensions.swift */,
			);
			path = Utils;
			sourceTree = "<group>";
		};
/* End PBXGroup section */

/* Begin PBXNativeTarget section */
		FA76C6DE2C0E3EB500BEF9FE /* CleanArchitecture */ = {
			isa = PBXNativeTarget;
			buildConfigurationList = FA76C6EE2C0E3EB600BEF9FE /* Build configuration list for PBXNativeTarget "CleanArchitecture" */;
			buildPhases = (
				FA76C6DB2C0E3EB500BEF9FE /* Sources */,
				FA76C6DC2C0E3EB500BEF9FE /* Frameworks */,
				FA76C6DD2C0E3EB500BEF9FE /* Resources */,
			);
			buildRules = (
			);
			dependencies = (
			);
			name = CleanArchitecture;
			productName = CleanArchitecture;
			productReference = FA76C6DF2C0E3EB500BEF9FE /* CleanArchitecture.app */;
			productType = "com.apple.product-type.application";
		};
/* End PBXNativeTarget section */

/* Begin PBXProject section */
		FA76C6D72C0E3EB500BEF9FE /* Project object */ = {
			isa = PBXProject;
			attributes = {
				BuildIndependentTargetsInParallel = 1;
				LastSwiftUpdateCheck = 1530;
				LastUpgradeCheck = 1530;
				TargetAttributes = {
					FA76C6DE2C0E3EB500BEF9FE = {
						CreatedOnToolsVersion = 15.3;
					};
				};
			};
			buildConfigurationList = FA76C6DA2C0E3EB500BEF9FE /* Build configuration list for PBXProject "CleanArchitecture" */;
			compatibilityVersion = "Xcode 14.0";
			developmentRegion = en;
			hasScannedForEncodings = 0;
			knownRegions = (
				en,
				Base,
			);
			mainGroup = FA76C6D62C0E3EB500BEF9FE;
			productRefGroup = FA76C6E02C0E3EB500BEF9FE /* Products */;
			projectDirPath = "";
			projectRoot = "";
			targets = (
				FA76C6DE2C0E3EB500BEF9FE /* CleanArchitecture */,
			);
		};
/* End PBXProject section */

/* Begin PBXResourcesBuildPhase section */
		FA76C6DD2C0E3EB500BEF9FE /* Resources */ = {
			isa = PBXResourcesBuildPhase;
			buildActionMask = 2147483647;
			files = (
				FA76C6F22C0E3F2D00BEF9FE /* README.md in Resources */,
				FA76C6EB2C0E3EB600BEF9FE /* Preview Assets.xcassets in Resources */,
				FA76C6E72C0E3EB600BEF9FE /* Assets.xcassets in Resources */,
			);
			runOnlyForDeploymentPostprocessing = 0;
		};
/* End PBXResourcesBuildPhase section */

/* Begin PBXSourcesBuildPhase section */
		FA76C6DB2C0E3EB500BEF9FE /* Sources */ = {
			isa = PBXSourcesBuildPhase;
			buildActionMask = 2147483647;
			files = (
				FA76C6E52C0E3EB500BEF9FE /* ContentView.swift in Sources */,
				FA76C7022C0E427600BEF9FE /* CryptocurrencyRepository.swift in Sources */,
				FA76C6F42C0E3F9C00BEF9FE /* Cryptocurrency.swift in Sources */,
				FA76C6F92C0E404000BEF9FE /* GetGlobalCryptoList.swift in Sources */,
				FA76C7072C0E47B500BEF9FE /* CryptocurrencyPriceInfoDTO.swift in Sources */,
				FA76C7052C0E47A600BEF9FE /* CryptocurrencyBasicDTO.swift in Sources */,
				FA76C6FC2C0E420900BEF9FE /* GlobalCryptoListRepositoryType.swift in Sources */,
				FA76C70A2C0E47F500BEF9FE /* HTTPClientError.swift in Sources */,
				FA76C7152C0E517C00BEF9FE /* Foundation+Extensions.swift in Sources */,
				FA76C70E2C0E50F400BEF9FE /* CryptocurrencyDomainMapper.swift in Sources */,
				FA76C70C2C0E480900BEF9FE /* ApiDataSourceType.swift in Sources */,
				FA76C6FE2C0E422F00BEF9FE /* CryptocurrencyDomainError.swift in Sources */,
				FA76C7122C0E513B00BEF9FE /* CryptocurrencyDomainErrorMapper.swift in Sources */,
				FA76C6E32C0E3EB500BEF9FE /* CleanArchitectureApp.swift in Sources */,
				FA76C7102C0E511700BEF9FE /* CryptocurrencyBuilder.swift in Sources */,
			);
			runOnlyForDeploymentPostprocessing = 0;
		};
/* End PBXSourcesBuildPhase section */

/* Begin XCBuildConfiguration section */
		FA76C6EC2C0E3EB600BEF9FE /* Debug */ = {
			isa = XCBuildConfiguration;
			buildSettings = {
				ALWAYS_SEARCH_USER_PATHS = NO;
				ASSETCATALOG_COMPILER_GENERATE_SWIFT_ASSET_SYMBOL_EXTENSIONS = YES;
				CLANG_ANALYZER_NONNULL = YES;
				CLANG_ANALYZER_NUMBER_OBJECT_CONVERSION = YES_AGGRESSIVE;
				CLANG_CXX_LANGUAGE_STANDARD = "gnu++20";
				CLANG_ENABLE_MODULES = YES;
				CLANG_ENABLE_OBJC_ARC = YES;
				CLANG_ENABLE_OBJC_WEAK = YES;
				CLANG_WARN_BLOCK_CAPTURE_AUTORELEASING = YES;
				CLANG_WARN_BOOL_CONVERSION = YES;
				CLANG_WARN_COMMA = YES;
				CLANG_WARN_CONSTANT_CONVERSION = YES;
				CLANG_WARN_DEPRECATED_OBJC_IMPLEMENTATIONS = YES;
				CLANG_WARN_DIRECT_OBJC_ISA_USAGE = YES_ERROR;
				CLANG_WARN_DOCUMENTATION_COMMENTS = YES;
				CLANG_WARN_EMPTY_BODY = YES;
				CLANG_WARN_ENUM_CONVERSION = YES;
				CLANG_WARN_INFINITE_RECURSION = YES;
				CLANG_WARN_INT_CONVERSION = YES;
				CLANG_WARN_NON_LITERAL_NULL_CONVERSION = YES;
				CLANG_WARN_OBJC_IMPLICIT_RETAIN_SELF = YES;
				CLANG_WARN_OBJC_LITERAL_CONVERSION = YES;
				CLANG_WARN_OBJC_ROOT_CLASS = YES_ERROR;
				CLANG_WARN_QUOTED_INCLUDE_IN_FRAMEWORK_HEADER = YES;
				CLANG_WARN_RANGE_LOOP_ANALYSIS = YES;
				CLANG_WARN_STRICT_PROTOTYPES = YES;
				CLANG_WARN_SUSPICIOUS_MOVE = YES;
				CLANG_WARN_UNGUARDED_AVAILABILITY = YES_AGGRESSIVE;
				CLANG_WARN_UNREACHABLE_CODE = YES;
				CLANG_WARN__DUPLICATE_METHOD_MATCH = YES;
				COPY_PHASE_STRIP = NO;
				DEBUG_INFORMATION_FORMAT = dwarf;
				ENABLE_STRICT_OBJC_MSGSEND = YES;
				ENABLE_TESTABILITY = YES;
				ENABLE_USER_SCRIPT_SANDBOXING = YES;
				GCC_C_LANGUAGE_STANDARD = gnu17;
				GCC_DYNAMIC_NO_PIC = NO;
				GCC_NO_COMMON_BLOCKS = YES;
				GCC_OPTIMIZATION_LEVEL = 0;
				GCC_PREPROCESSOR_DEFINITIONS = (
					"DEBUG=1",
					"$(inherited)",
				);
				GCC_WARN_64_TO_32_BIT_CONVERSION = YES;
				GCC_WARN_ABOUT_RETURN_TYPE = YES_ERROR;
				GCC_WARN_UNDECLARED_SELECTOR = YES;
				GCC_WARN_UNINITIALIZED_AUTOS = YES_AGGRESSIVE;
				GCC_WARN_UNUSED_FUNCTION = YES;
				GCC_WARN_UNUSED_VARIABLE = YES;
				LOCALIZATION_PREFERS_STRING_CATALOGS = YES;
				MTL_ENABLE_DEBUG_INFO = INCLUDE_SOURCE;
				MTL_FAST_MATH = YES;
				ONLY_ACTIVE_ARCH = YES;
				SWIFT_ACTIVE_COMPILATION_CONDITIONS = "DEBUG $(inherited)";
				SWIFT_OPTIMIZATION_LEVEL = "-Onone";
			};
			name = Debug;
		};
		FA76C6ED2C0E3EB600BEF9FE /* Release */ = {
			isa = XCBuildConfiguration;
			buildSettings = {
				ALWAYS_SEARCH_USER_PATHS = NO;
				ASSETCATALOG_COMPILER_GENERATE_SWIFT_ASSET_SYMBOL_EXTENSIONS = YES;
				CLANG_ANALYZER_NONNULL = YES;
				CLANG_ANALYZER_NUMBER_OBJECT_CONVERSION = YES_AGGRESSIVE;
				CLANG_CXX_LANGUAGE_STANDARD = "gnu++20";
				CLANG_ENABLE_MODULES = YES;
				CLANG_ENABLE_OBJC_ARC = YES;
				CLANG_ENABLE_OBJC_WEAK = YES;
				CLANG_WARN_BLOCK_CAPTURE_AUTORELEASING = YES;
				CLANG_WARN_BOOL_CONVERSION = YES;
				CLANG_WARN_COMMA = YES;
				CLANG_WARN_CONSTANT_CONVERSION = YES;
				CLANG_WARN_DEPRECATED_OBJC_IMPLEMENTATIONS = YES;
				CLANG_WARN_DIRECT_OBJC_ISA_USAGE = YES_ERROR;
				CLANG_WARN_DOCUMENTATION_COMMENTS = YES;
				CLANG_WARN_EMPTY_BODY = YES;
				CLANG_WARN_ENUM_CONVERSION = YES;
				CLANG_WARN_INFINITE_RECURSION = YES;
				CLANG_WARN_INT_CONVERSION = YES;
				CLANG_WARN_NON_LITERAL_NULL_CONVERSION = YES;
				CLANG_WARN_OBJC_IMPLICIT_RETAIN_SELF = YES;
				CLANG_WARN_OBJC_LITERAL_CONVERSION = YES;
				CLANG_WARN_OBJC_ROOT_CLASS = YES_ERROR;
				CLANG_WARN_QUOTED_INCLUDE_IN_FRAMEWORK_HEADER = YES;
				CLANG_WARN_RANGE_LOOP_ANALYSIS = YES;
				CLANG_WARN_STRICT_PROTOTYPES = YES;
				CLANG_WARN_SUSPICIOUS_MOVE = YES;
				CLANG_WARN_UNGUARDED_AVAILABILITY = YES_AGGRESSIVE;
				CLANG_WARN_UNREACHABLE_CODE = YES;
				CLANG_WARN__DUPLICATE_METHOD_MATCH = YES;
				COPY_PHASE_STRIP = NO;
				DEBUG_INFORMATION_FORMAT = "dwarf-with-dsym";
				ENABLE_NS_ASSERTIONS = NO;
				ENABLE_STRICT_OBJC_MSGSEND = YES;
				ENABLE_USER_SCRIPT_SANDBOXING = YES;
				GCC_C_LANGUAGE_STANDARD = gnu17;
				GCC_NO_COMMON_BLOCKS = YES;
				GCC_WARN_64_TO_32_BIT_CONVERSION = YES;
				GCC_WARN_ABOUT_RETURN_TYPE = YES_ERROR;
				GCC_WARN_UNDECLARED_SELECTOR = YES;
				GCC_WARN_UNINITIALIZED_AUTOS = YES_AGGRESSIVE;
				GCC_WARN_UNUSED_FUNCTION = YES;
				GCC_WARN_UNUSED_VARIABLE = YES;
				LOCALIZATION_PREFERS_STRING_CATALOGS = YES;
				MTL_ENABLE_DEBUG_INFO = NO;
				MTL_FAST_MATH = YES;
				SWIFT_COMPILATION_MODE = wholemodule;
			};
			name = Release;
		};
		FA76C6EF2C0E3EB600BEF9FE /* Debug */ = {
			isa = XCBuildConfiguration;
			buildSettings = {
				ASSETCATALOG_COMPILER_APPICON_NAME = AppIcon;
				ASSETCATALOG_COMPILER_GLOBAL_ACCENT_COLOR_NAME = AccentColor;
				CODE_SIGN_ENTITLEMENTS = CleanArchitecture/CleanArchitecture.entitlements;
				CODE_SIGN_STYLE = Automatic;
				CURRENT_PROJECT_VERSION = 1;
				DEVELOPMENT_ASSET_PATHS = "\"CleanArchitecture/Preview Content\"";
				ENABLE_PREVIEWS = YES;
				GENERATE_INFOPLIST_FILE = YES;
				"INFOPLIST_KEY_UIApplicationSceneManifest_Generation[sdk=iphoneos*]" = YES;
				"INFOPLIST_KEY_UIApplicationSceneManifest_Generation[sdk=iphonesimulator*]" = YES;
				"INFOPLIST_KEY_UIApplicationSupportsIndirectInputEvents[sdk=iphoneos*]" = YES;
				"INFOPLIST_KEY_UIApplicationSupportsIndirectInputEvents[sdk=iphonesimulator*]" = YES;
				"INFOPLIST_KEY_UILaunchScreen_Generation[sdk=iphoneos*]" = YES;
				"INFOPLIST_KEY_UILaunchScreen_Generation[sdk=iphonesimulator*]" = YES;
				"INFOPLIST_KEY_UIStatusBarStyle[sdk=iphoneos*]" = UIStatusBarStyleDefault;
				"INFOPLIST_KEY_UIStatusBarStyle[sdk=iphonesimulator*]" = UIStatusBarStyleDefault;
				INFOPLIST_KEY_UISupportedInterfaceOrientations_iPad = "UIInterfaceOrientationPortrait UIInterfaceOrientationPortraitUpsideDown UIInterfaceOrientationLandscapeLeft UIInterfaceOrientationLandscapeRight";
				INFOPLIST_KEY_UISupportedInterfaceOrientations_iPhone = "UIInterfaceOrientationPortrait UIInterfaceOrientationLandscapeLeft UIInterfaceOrientationLandscapeRight";
				IPHONEOS_DEPLOYMENT_TARGET = 17.4;
				LD_RUNPATH_SEARCH_PATHS = "@executable_path/Frameworks";
				"LD_RUNPATH_SEARCH_PATHS[sdk=macosx*]" = "@executable_path/../Frameworks";
				MACOSX_DEPLOYMENT_TARGET = 14.2;
				MARKETING_VERSION = 1.0;
				PRODUCT_BUNDLE_IDENTIFIER = manuel.tirado.CleanArchitecture;
				PRODUCT_NAME = "$(TARGET_NAME)";
				SDKROOT = auto;
				SUPPORTED_PLATFORMS = "iphoneos iphonesimulator macosx";
				SWIFT_EMIT_LOC_STRINGS = YES;
				SWIFT_VERSION = 5.0;
				TARGETED_DEVICE_FAMILY = "1,2";
			};
			name = Debug;
		};
		FA76C6F02C0E3EB600BEF9FE /* Release */ = {
			isa = XCBuildConfiguration;
			buildSettings = {
				ASSETCATALOG_COMPILER_APPICON_NAME = AppIcon;
				ASSETCATALOG_COMPILER_GLOBAL_ACCENT_COLOR_NAME = AccentColor;
				CODE_SIGN_ENTITLEMENTS = CleanArchitecture/CleanArchitecture.entitlements;
				CODE_SIGN_STYLE = Automatic;
				CURRENT_PROJECT_VERSION = 1;
				DEVELOPMENT_ASSET_PATHS = "\"CleanArchitecture/Preview Content\"";
				ENABLE_PREVIEWS = YES;
				GENERATE_INFOPLIST_FILE = YES;
				"INFOPLIST_KEY_UIApplicationSceneManifest_Generation[sdk=iphoneos*]" = YES;
				"INFOPLIST_KEY_UIApplicationSceneManifest_Generation[sdk=iphonesimulator*]" = YES;
				"INFOPLIST_KEY_UIApplicationSupportsIndirectInputEvents[sdk=iphoneos*]" = YES;
				"INFOPLIST_KEY_UIApplicationSupportsIndirectInputEvents[sdk=iphonesimulator*]" = YES;
				"INFOPLIST_KEY_UILaunchScreen_Generation[sdk=iphoneos*]" = YES;
				"INFOPLIST_KEY_UILaunchScreen_Generation[sdk=iphonesimulator*]" = YES;
				"INFOPLIST_KEY_UIStatusBarStyle[sdk=iphoneos*]" = UIStatusBarStyleDefault;
				"INFOPLIST_KEY_UIStatusBarStyle[sdk=iphonesimulator*]" = UIStatusBarStyleDefault;
				INFOPLIST_KEY_UISupportedInterfaceOrientations_iPad = "UIInterfaceOrientationPortrait UIInterfaceOrientationPortraitUpsideDown UIInterfaceOrientationLandscapeLeft UIInterfaceOrientationLandscapeRight";
				INFOPLIST_KEY_UISupportedInterfaceOrientations_iPhone = "UIInterfaceOrientationPortrait UIInterfaceOrientationLandscapeLeft UIInterfaceOrientationLandscapeRight";
				IPHONEOS_DEPLOYMENT_TARGET = 17.4;
				LD_RUNPATH_SEARCH_PATHS = "@executable_path/Frameworks";
				"LD_RUNPATH_SEARCH_PATHS[sdk=macosx*]" = "@executable_path/../Frameworks";
				MACOSX_DEPLOYMENT_TARGET = 14.2;
				MARKETING_VERSION = 1.0;
				PRODUCT_BUNDLE_IDENTIFIER = manuel.tirado.CleanArchitecture;
				PRODUCT_NAME = "$(TARGET_NAME)";
				SDKROOT = auto;
				SUPPORTED_PLATFORMS = "iphoneos iphonesimulator macosx";
				SWIFT_EMIT_LOC_STRINGS = YES;
				SWIFT_VERSION = 5.0;
				TARGETED_DEVICE_FAMILY = "1,2";
			};
			name = Release;
		};
/* End XCBuildConfiguration section */

/* Begin XCConfigurationList section */
		FA76C6DA2C0E3EB500BEF9FE /* Build configuration list for PBXProject "CleanArchitecture" */ = {
			isa = XCConfigurationList;
			buildConfigurations = (
				FA76C6EC2C0E3EB600BEF9FE /* Debug */,
				FA76C6ED2C0E3EB600BEF9FE /* Release */,
			);
			defaultConfigurationIsVisible = 0;
			defaultConfigurationName = Release;
		};
		FA76C6EE2C0E3EB600BEF9FE /* Build configuration list for PBXNativeTarget "CleanArchitecture" */ = {
			isa = XCConfigurationList;
			buildConfigurations = (
				FA76C6EF2C0E3EB600BEF9FE /* Debug */,
				FA76C6F02C0E3EB600BEF9FE /* Release */,
			);
			defaultConfigurationIsVisible = 0;
			defaultConfigurationName = Release;
		};
/* End XCConfigurationList section */
	};
	rootObject = FA76C6D72C0E3EB500BEF9FE /* Project object */;
}
